
Microsoft Visual Studio Solution File, Format Version 12.00
# Visual Studio 14
VisualStudioVersion = 14.0.25420.1
MinimumVisualStudioVersion = 10.0.40219.1
Project("{FAE04EC0-301F-11D3-BF4B-00C04F79EFBC}") = "BreakAwayConsole", "BreakAwayConsole\BreakAwayConsole.csproj", "{C0A1C5C2-B6F7-409B-B9CC-FAE6A66D3605}"
EndProject
Project("{FAE04EC0-301F-11D3-BF4B-00C04F79EFBC}") = "DataAccess", "DataAccess\DataAccess.csproj", "{BC72C734-B41D-4F47-987B-9840E22D2C4B}"
EndProject
Project("{FAE04EC0-301F-11D3-BF4B-00C04F79EFBC}") = "Model", "Model\Model.csproj", "{CEE2C2AB-0B01-4963-8B22-44E76CCFFDA9}"
EndProject
Global
	GlobalSection(SolutionConfigurationPlatforms) = preSolution
		Debug|Any CPU = Debug|Any CPU
		Release|Any CPU = Release|Any CPU
	EndGlobalSection
	GlobalSection(ProjectConfigurationPlatforms) = postSolution
		{C0A1C5C2-B6F7-409B-B9CC-FAE6A66D3605}.Debug|Any CPU.ActiveCfg = Debug|Any CPU
		{C0A1C5C2-B6F7-409B-B9CC-FAE6A66D3605}.Debug|Any CPU.Build.0 = Debug|Any CPU
		{C0A1C5C2-B6F7-409B-B9CC-FAE6A66D3605}.Release|Any CPU.ActiveCfg = Release|Any CPU
		{C0A1C5C2-B6F7-409B-B9CC-FAE6A66D3605}.Release|Any CPU.Build.0 = Release|Any CPU
		{BC72C734-B41D-4F47-987B-9840E22D2C4B}.Debug|Any CPU.ActiveCfg = Debug|Any CPU
		{BC72C734-B41D-4F47-987B-9840E22D2C4B}.Debug|Any CPU.Build.0 = Debug|Any CPU
		{BC72C734-B41D-4F47-987B-9840E22D2C4B}.Release|Any CPU.ActiveCfg = Release|Any CPU
		{BC72C734-B41D-4F47-987B-9840E22D2C4B}.Release|Any CPU.Build.0 = Release|Any CPU
		{CEE2C2AB-0B01-4963-8B22-44E76CCFFDA9}.Debug|Any CPU.ActiveCfg = Debug|Any CPU
		{CEE2C2AB-0B01-4963-8B22-44E76CCFFDA9}.Debug|Any CPU.Build.0 = Debug|Any CPU
		{CEE2C2AB-0B01-4963-8B22-44E76CCFFDA9}.Release|Any CPU.ActiveCfg = Release|Any CPU
		{CEE2C2AB-0B01-4963-8B22-44E76CCFFDA9}.Release|Any CPU.Build.0 = Release|Any CPU
	EndGlobalSection
	GlobalSection(SolutionProperties) = preSolution
		HideSolutionNode = FALSE
	EndGlobalSection
EndGlobal
